<?xml version="1.0" encoding="utf-8"?>
<Project ToolsVersion="4.0" xmlns="http://schemas.microsoft.com/developer/msbuild/2003">
  <ItemGroup>
    <ClInclude Include="stdafx.h" />
    <ClInclude Include="Renders\ShaderBuffer.h">
      <Filter>Renders</Filter>
    </ClInclude>
    <ClInclude Include="Renders\States.h">
      <Filter>Renders</Filter>
    </ClInclude>
    <ClInclude Include="Renders\VertexLayouts.h">
      <Filter>Renders</Filter>
    </ClInclude>
    <ClInclude Include="Program.h" />
    <ClInclude Include="Utilities\Path.h">
      <Filter>Utilities</Filter>
    </ClInclude>
    <ClInclude Include="Utilities\String.h">
      <Filter>Utilities</Filter>
    </ClInclude>
    <ClInclude Include="Utilities\BinaryFile.h">
      <Filter>Utilities</Filter>
    </ClInclude>
    <ClInclude Include="Utilities\Math.h">
      <Filter>Utilities</Filter>
    </ClInclude>
    <ClInclude Include="Interfaces\ICloneable.h">
      <Filter>Interfaces</Filter>
    </ClInclude>
    <ClInclude Include="Utilities\Json.h">
      <Filter>Utilities</Filter>
    </ClInclude>
    <ClInclude Include="Renders\RenderTargetBuffer.h">
      <Filter>Renders</Filter>
    </ClInclude>
    <ClInclude Include="View\CameraBase.h">
      <Filter>View</Filter>
    </ClInclude>
    <ClInclude Include="View\FreeCamera.h">
      <Filter>View</Filter>
    </ClInclude>
    <ClInclude Include="View\Perspective.h">
      <Filter>View</Filter>
    </ClInclude>
    <ClInclude Include="Utilities\GeometryGenerator.h">
      <Filter>Utilities</Filter>
    </ClInclude>
    <ClInclude Include="Renders\Gizmo.h">
      <Filter>Renders</Filter>
    </ClInclude>
    <ClInclude Include="Renders\WorldBuffer.h">
      <Filter>Renders</Filter>
    </ClInclude>
    <ClInclude Include="DefineHeader.h" />
    <ClInclude Include="ModuleHeader.h" />
    <ClInclude Include="Utilities\Buffer.h">
      <Filter>Utilities</Filter>
    </ClInclude>
    <ClInclude Include="Utilities\Transform.h">
      <Filter>Utilities</Filter>
    </ClInclude>
    <ClInclude Include="Renders\Shader.h">
      <Filter>Renders</Filter>
    </ClInclude>
    <ClInclude Include="Figure\Cube.h" />
    <ClInclude Include="Systems\D3D.h">
      <Filter>Systems</Filter>
    </ClInclude>
    <ClInclude Include="Systems\Keyboard.h">
      <Filter>Systems</Filter>
    </ClInclude>
    <ClInclude Include="Systems\Mouse.h">
      <Filter>Systems</Filter>
    </ClInclude>
    <ClInclude Include="Systems\Time.h">
      <Filter>Systems</Filter>
    </ClInclude>
    <ClInclude Include="Systems\Window.h">
      <Filter>Systems</Filter>
    </ClInclude>
  </ItemGroup>
  <ItemGroup>
    <Filter Include="Renders">
      <UniqueIdentifier>{30f71ca6-86fc-4a07-8c55-3b9b4a221935}</UniqueIdentifier>
    </Filter>
    <Filter Include="Systems">
      <UniqueIdentifier>{c2abd35d-375a-43b3-ba7e-7b4b24b403bb}</UniqueIdentifier>
    </Filter>
    <Filter Include="Utilities">
      <UniqueIdentifier>{409d6f39-6218-4c24-9e39-1646a0cde279}</UniqueIdentifier>
    </Filter>
    <Filter Include="Interfaces">
      <UniqueIdentifier>{16ceaf6b-dbfb-4761-9902-ff63fdd517f9}</UniqueIdentifier>
    </Filter>
    <Filter Include="Renders\Shader">
      <UniqueIdentifier>{2180f539-7f8e-4636-b218-732bd08af41d}</UniqueIdentifier>
    </Filter>
    <Filter Include="View">
      <UniqueIdentifier>{6fbb8885-db9e-4f5f-b620-4e5ffc53c09c}</UniqueIdentifier>
    </Filter>
  </ItemGroup>
  <ItemGroup>
    <ClCompile Include="Renders\States.cpp">
      <Filter>Renders</Filter>
    </ClCompile>
    <ClCompile Include="Program.cpp" />
    <ClCompile Include="Main.cpp" />
    <ClCompile Include="Utilities\Path.cpp">
      <Filter>Utilities</Filter>
    </ClCompile>
    <ClCompile Include="Utilities\String.cpp">
      <Filter>Utilities</Filter>
    </ClCompile>
    <ClCompile Include="Utilities\BinaryFile.cpp">
      <Filter>Utilities</Filter>
    </ClCompile>
    <ClCompile Include="Utilities\Math.cpp">
      <Filter>Utilities</Filter>
    </ClCompile>
    <ClCompile Include="Utilities\Json.cpp">
      <Filter>Utilities</Filter>
    </ClCompile>
    <ClCompile Include="Renders\RenderTargetBuffer.cpp">
      <Filter>Renders</Filter>
    </ClCompile>
    <ClCompile Include="View\CameraBase.cpp">
      <Filter>View</Filter>
    </ClCompile>
    <ClCompile Include="View\FreeCamera.cpp">
      <Filter>View</Filter>
    </ClCompile>
    <ClCompile Include="View\Perspective.cpp">
      <Filter>View</Filter>
    </ClCompile>
    <ClCompile Include="Utilities\GeometryGenerator.cpp">
      <Filter>Utilities</Filter>
    </ClCompile>
    <ClCompile Include="Renders\Gizmo.cpp">
      <Filter>Renders</Filter>
    </ClCompile>
    <ClCompile Include="Utilities\Buffer.cpp">
      <Filter>Utilities</Filter>
    </ClCompile>
    <ClCompile Include="Utilities\Transform.cpp">
      <Filter>Utilities</Filter>
    </ClCompile>
    <ClCompile Include="Renders\Shader.cpp">
      <Filter>Renders</Filter>
    </ClCompile>
    <ClCompile Include="Figure\Cube.cpp" />
    <ClCompile Include="Systems\D3D.cpp">
      <Filter>Systems</Filter>
    </ClCompile>
    <ClCompile Include="Systems\Keyboard.cpp">
      <Filter>Systems</Filter>
    </ClCompile>
    <ClCompile Include="Systems\Mouse.cpp">
      <Filter>Systems</Filter>
    </ClCompile>
    <ClCompile Include="Systems\Time.cpp">
      <Filter>Systems</Filter>
    </ClCompile>
    <ClCompile Include="Systems\Window.cpp">
      <Filter>Systems</Filter>
    </ClCompile>
  </ItemGroup>
</Project>