<?xml version="1.0" encoding="utf-8"?>
<Project ToolsVersion="4.0" xmlns="http://schemas.microsoft.com/developer/msbuild/2003">
  <ItemGroup>
    <ClCompile Include="Renders\ShadowRenderer.cpp" />
    <ClCompile Include="View\OrthoWindow.cpp" />
    <ClCompile Include="Renders\DeferredRenderer.cpp" />
    <ClCompile Include="Figure\Figure.cpp" />
    <ClCompile Include="Systems\DxRenderer.cpp" />
    <ClCompile Include="Renders\Gizmo.cpp" />
    <ClCompile Include="Renders\Shader.cpp" />
    <ClCompile Include="View\FreeCamera.cpp" />
    <ClCompile Include="View\Perspective.cpp" />
    <ClCompile Include="View\CameraBase.cpp" />
    <ClCompile Include="Main.cpp" />
    <ClCompile Include="Program.cpp" />
    <ClCompile Include="Renders\RenderTargetBuffer.cpp" />
    <ClCompile Include="Renders\States.cpp" />
    <ClCompile Include="Systems\Keyboard.cpp" />
    <ClCompile Include="Systems\Mouse.cpp" />
    <ClCompile Include="Systems\Time.cpp" />
    <ClCompile Include="Systems\Window.cpp" />
    <ClCompile Include="Bounding\BoundingFrustum.cpp" />
    <ClCompile Include="Bounding\BoundingCapsule.cpp" />
    <ClCompile Include="Bounding\BoundingBox.cpp" />
    <ClCompile Include="Bounding\BoundingSphere.cpp" />
    <ClCompile Include="Bounding\Ray.cpp" />
    <ClCompile Include="Renders\Material.cpp" />
    <ClCompile Include="View\Projection.cpp" />
    <ClCompile Include="ComputeShader\ComputeResource.cpp" />
    <ClCompile Include="ComputeShader\ComputeShader.cpp" />
    <ClCompile Include="Renders\DepthVis.cpp" />
    <ClCompile Include="Systems\Event.cpp" />
    <ClCompile Include="Object\GameObject\GameObject.cpp" />
    <ClCompile Include="Model\Model + ReadData.cpp" />
    <ClCompile Include="Model\ModelAnimPlayer.cpp" />
    <ClCompile Include="Model\Model.cpp" />
    <ClCompile Include="Model\ModelMeshPart.cpp" />
    <ClCompile Include="Model\ModelMesh.cpp" />
    <ClCompile Include="Model\ModelBone.cpp" />
    <ClCompile Include="Model\ModelAnimClip.cpp" />
    <ClCompile Include="Model\ModelAnimPlayer + Blending.cpp" />
    <ClCompile Include="Renders\Texture.cpp" />
    <ClCompile Include="Bounding\AnimationCollider.cpp" />
    <ClCompile Include="Bounding\GameCollider.cpp" />
    <ClCompile Include="View\FirstPersonCamera.cpp" />
    <ClCompile Include="Renders\Instancing\InstanceShader.cpp" />
    <ClCompile Include="Renders\Instancing\InstanceRenderer.cpp" />
    <ClCompile Include="Environment\Sun.cpp" />
    <ClCompile Include="Object\StaticObject\StaticObject.cpp" />
    <ClCompile Include="Manager\BufferManager.cpp" />
    <ClCompile Include="Manager\ObjectManager.cpp" />
    <ClCompile Include="Manager\RenderManager.cpp" />
    <ClCompile Include="Manager\ResourceManager.cpp" />
    <ClCompile Include="Manager\SceneManager.cpp" />
    <ClCompile Include="Manager\ShaderManager.cpp" />
    <ClCompile Include="Environment\Ocean + Func.cpp" />
    <ClCompile Include="Environment\Ocean.cpp" />
    <ClCompile Include="Bounding\QuadTree\QuadTreeNode.cpp" />
    <ClCompile Include="Bounding\QuadTree\QuadTreeSystem.cpp" />
    <ClCompile Include="UI\GameUI\ButtonUI.cpp" />
    <ClCompile Include="UI\GameUI\GroupUI.cpp" />
    <ClCompile Include="UI\BaseUI.cpp" />
    <ClCompile Include="Utilities\BinaryFile.cpp" />
    <ClCompile Include="Utilities\Buffer.cpp" />
    <ClCompile Include="Utilities\DebugTransform.cpp" />
    <ClCompile Include="Utilities\GeometryGenerator.cpp" />
    <ClCompile Include="Utilities\ImGuiHelper.cpp" />
    <ClCompile Include="Utilities\Json.cpp" />
    <ClCompile Include="Utilities\Math.cpp" />
    <ClCompile Include="Utilities\Path.cpp" />
    <ClCompile Include="Utilities\String.cpp" />
    <ClCompile Include="Utilities\Transform.cpp" />
    <ClCompile Include="Manager\DataBase.cpp" />
    <ClCompile Include="Renders\AlphaRenderer.cpp" />
    <ClCompile Include="Particle\ParticleSystem.cpp" />
    <ClCompile Include="Object\GameUnit\GameUnit.cpp" />
    <ClCompile Include="Renders\GrassRenderer\GrassRenderer.cpp" />
    <ClCompile Include="Project\AnimationTool\FBX\Exporter.cpp" />
    <ClCompile Include="Project\AnimationTool\FBX\FbxUtility.cpp" />
    <ClCompile Include="Project\AnimationTool\AnimationTool.cpp" />
    <ClCompile Include="Project\AnimationTool\CharacterTool + ImGui.cpp" />
    <ClCompile Include="Project\AnimationTool\CharacterTool.cpp" />
    <ClCompile Include="Project\AnimationTool\ObjectTool.cpp" />
    <ClCompile Include="Project\LoadingScene\LoadingScene.cpp" />
    <ClCompile Include="Project\TerrainTool\Scattering.cpp" />
    <ClCompile Include="Project\TerrainTool\Terrain.cpp" />
    <ClCompile Include="Project\TerrainTool\TerrainHeight.cpp" />
    <ClCompile Include="Project\TerrainTool\TerrainSmooth.cpp" />
    <ClCompile Include="Project\TerrainTool\TerrainSplat.cpp" />
    <ClCompile Include="Project\TerrainTool\TerrainTool.cpp" />
    <ClCompile Include="Project\ToolScene\Hierarchy.cpp" />
    <ClCompile Include="Project\ToolScene\Inspector.cpp" />
    <ClCompile Include="Project\ToolScene\Picking.cpp" />
    <ClCompile Include="Project\ToolScene\ToolScene.cpp" />
    <ClCompile Include="Object\Particle\ParticleSystem.cpp" />
    <ClCompile Include="Project\Game\PlayScene + soonwoo.cpp" />
    <ClCompile Include="Project\Game\PlayScene.cpp" />
    <ClCompile Include="Project\Game\PlayScene + Huynjin.cpp" />
    <ClCompile Include="Environment\GameMap.cpp" />
  </ItemGroup>
  <ItemGroup>
    <ClInclude Include="Renders\ShadowRenderer.h" />
    <ClInclude Include="View\OrthoWindow.h" />
    <ClInclude Include="Renders\DeferredRenderer.h" />
    <ClInclude Include="DefineHeader.h" />
    <ClInclude Include="Figure\Figure.h" />
    <ClInclude Include="ModuleHeader.h" />
    <ClInclude Include="Systems\DxRenderer.h" />
    <ClInclude Include="Renders\Gizmo.h" />
    <ClInclude Include="Renders\WorldBuffer.h" />
    <ClInclude Include="Renders\Shader.h" />
    <ClInclude Include="View\FreeCamera.h" />
    <ClInclude Include="View\Perspective.h" />
    <ClInclude Include="View\CameraBase.h" />
    <ClInclude Include="Interfaces\ICloneable.h" />
    <ClInclude Include="Program.h" />
    <ClInclude Include="Renders\RenderTargetBuffer.h" />
    <ClInclude Include="Renders\ShaderBuffer.h" />
    <ClInclude Include="Renders\States.h" />
    <ClInclude Include="Renders\VertexLayouts.h" />
    <ClInclude Include="stdafx.h" />
    <ClInclude Include="Systems\Keyboard.h" />
    <ClInclude Include="Systems\Mouse.h" />
    <ClInclude Include="Systems\Time.h" />
    <ClInclude Include="Systems\Window.h" />
    <ClInclude Include="View\Projection.h" />
    <ClInclude Include="Bounding\BoundingFrustum.h" />
    <ClInclude Include="Bounding\BoundingCapsule.h" />
    <ClInclude Include="Bounding\BoundingBox.h" />
    <ClInclude Include="Bounding\BoundingSphere.h" />
    <ClInclude Include="Bounding\Bounding.h" />
    <ClInclude Include="Bounding\Ray.h" />
    <ClInclude Include="Renders\Material.h" />
    <ClInclude Include="ComputeShader\ComputeResource.h" />
    <ClInclude Include="ComputeShader\ComputeShader.h" />
    <ClInclude Include="Renders\DepthVis.h" />
    <ClInclude Include="Systems\Event.h" />
    <ClInclude Include="Interfaces\IEvent.h" />
    <ClInclude Include="Object\GameObject\GameObject.h" />
    <ClInclude Include="Object\GameObject\TagMessage.h" />
    <ClInclude Include="Model\ModelAnimPlayer.h" />
    <ClInclude Include="Model\Model.h" />
    <ClInclude Include="Model\ModelMeshPart.h" />
    <ClInclude Include="Model\ModelMesh.h" />
    <ClInclude Include="Model\ModelBone.h" />
    <ClInclude Include="Model\ModelAnimClip.h" />
    <ClInclude Include="Renders\Texture.h" />
    <ClInclude Include="Bounding\AnimationCollider.h" />
    <ClInclude Include="Bounding\GameCollider.h" />
    <ClInclude Include="View\FirstPersonCamera.h" />
    <ClInclude Include="Renders\Instancing\InstanceShader.h" />
    <ClInclude Include="Renders\Instancing\InstanceRenderer.h" />
    <ClInclude Include="Environment\Sun.h" />
    <ClInclude Include="Object\StaticObject\StaticObject.h" />
    <ClInclude Include="Manager\BufferManager.h" />
    <ClInclude Include="Manager\ObjectManager.h" />
    <ClInclude Include="Manager\RenderManager.h" />
    <ClInclude Include="Manager\ResourceManager.h" />
    <ClInclude Include="Manager\SceneManager.h" />
    <ClInclude Include="Manager\SceneNode.h" />
    <ClInclude Include="Manager\ShaderManager.h" />
    <ClInclude Include="Environment\Ocean.h" />
    <ClInclude Include="Bounding\QuadTree\QuadTreeNode.h" />
    <ClInclude Include="Bounding\QuadTree\QuadTreeSystem.h" />
    <ClInclude Include="UI\GameUI\ButtonUI.h" />
    <ClInclude Include="UI\GameUI\GroupUI.h" />
    <ClInclude Include="UI\BaseUI.h" />
    <ClInclude Include="Utilities\BinaryFile.h" />
    <ClInclude Include="Utilities\Buffer.h" />
    <ClInclude Include="Utilities\DebugTransform.h" />
    <ClInclude Include="Utilities\GeometryGenerator.h" />
    <ClInclude Include="Utilities\ImGuiHelper.h" />
    <ClInclude Include="Utilities\Json.h" />
    <ClInclude Include="Utilities\Math.h" />
    <ClInclude Include="Utilities\Path.h" />
    <ClInclude Include="Utilities\String.h" />
    <ClInclude Include="Utilities\Transform.h" />
    <ClInclude Include="Manager\DataBase.h" />
    <ClInclude Include="Renders\AlphaRenderer.h" />
    <ClInclude Include="Particle\ParticleSystem.h" />
    <ClInclude Include="Object\GameUnit\GameUnit.h" />
    <ClInclude Include="Renders\GrassRenderer\GrassRenderer.h" />
    <ClInclude Include="Project\AnimationTool\FBX\BoneWeights.h" />
    <ClInclude Include="Project\AnimationTool\FBX\Exporter.h" />
    <ClInclude Include="Project\AnimationTool\FBX\FbxUtility.h" />
    <ClInclude Include="Project\AnimationTool\FBX\Type.h" />
    <ClInclude Include="Project\AnimationTool\AnimationTool.h" />
    <ClInclude Include="Project\AnimationTool\CharacterTool.h" />
    <ClInclude Include="Project\AnimationTool\ObjectTool.h" />
    <ClInclude Include="Project\LoadingScene\LoadingScene.h" />
    <ClInclude Include="Project\TerrainTool\Scattering.h" />
    <ClInclude Include="Project\TerrainTool\Terrain.h" />
    <ClInclude Include="Project\TerrainTool\TerrainHeight.h" />
    <ClInclude Include="Project\TerrainTool\TerrainSmooth.h" />
    <ClInclude Include="Project\TerrainTool\TerrainSplat.h" />
    <ClInclude Include="Project\TerrainTool\TerrainTool.h" />
    <ClInclude Include="Project\ToolScene\Hierarchy.h" />
    <ClInclude Include="Project\ToolScene\Inspector.h" />
    <ClInclude Include="Project\ToolScene\Picking.h" />
    <ClInclude Include="Project\ToolScene\ToolBase.h" />
    <ClInclude Include="Project\ToolScene\ToolScene.h" />
    <ClInclude Include="Object\Particle\ParticleSystem.h" />
    <ClInclude Include="Project\Game\PlayScene.h" />
    <ClInclude Include="Environment\GameMap.h" />
  </ItemGroup>
  <ItemGroup>
    <None Include="_Shaders\000_Header.hlsl" />
    <None Include="_Shaders\004_Shadow.hlsl" />
    <None Include="_Shaders\001_GBuffer.hlsl" />
    <None Include="_Shaders\002_Deferred.hlsl" />
    <None Include="_Shaders\DepthVis.hlsl" />
    <None Include="_Shaders\Copy.hlsl" />
    <None Include="_Shaders\TerrainTool.hlsl" />
    <None Include="_Shaders\TerrainToolCS.hlsl" />
    <None Include="_Shaders\000_HeaderProp.hlsl" />
    <None Include="_Shaders\AtmosphericScatteringSkyBox.hlsl" />
    <None Include="_Shaders\AtmosphericScattering_Header.hlsl" />
    <None Include="_Shaders\AtmosphericScattering_Compute.hlsl" />
    <None Include="_Shaders\005_OceanCompute.hlsl" />
    <None Include="_Shaders\005_OceanRaw.hlsl" />
    <None Include="_Shaders\005_OceanHigh.hlsl" />
    <None Include="_Shaders\006_UI.hlsl" />
    <None Include="_Shaders\007_Alpha.hlsl" />
    <None Include="_Shaders\008_Grass.hlsl" />
    <None Include="Project\Game\Header.hlsli" />
    <None Include="_Shaders\999_Terrain.hlsl" />
  </ItemGroup>
</Project>